// !$*UTF8*$!
{
	archiveVersion = 1;
	classes = {
	};
	objectVersion = 46;
	objects = {

/* Begin PBXBuildFile section */
		8AE2B81A1F58013A00BE7ABA /* AppDelegate.swift in Sources */ = {isa = PBXBuildFile; fileRef = 8AE2B8191F58013A00BE7ABA /* AppDelegate.swift */; };
		8AE2B81C1F58013A00BE7ABA /* ViewController.swift in Sources */ = {isa = PBXBuildFile; fileRef = 8AE2B81B1F58013A00BE7ABA /* ViewController.swift */; };
		8AE2B81E1F58013A00BE7ABA /* Assets.xcassets in Resources */ = {isa = PBXBuildFile; fileRef = 8AE2B81D1F58013A00BE7ABA /* Assets.xcassets */; };
		8AE2B8211F58013A00BE7ABA /* Main.storyboard in Resources */ = {isa = PBXBuildFile; fileRef = 8AE2B81F1F58013A00BE7ABA /* Main.storyboard */; };
		8AE2B82C1F58127D00BE7ABA /* GradeLoader.swift in Sources */ = {isa = PBXBuildFile; fileRef = 8AE2B82B1F58127D00BE7ABA /* GradeLoader.swift */; };
		91B75653C13F5833D0DC1FB5 /* Pods_SUSHelper_Crawlers_Mac_Demo.framework in Frameworks */ = {isa = PBXBuildFile; fileRef = 8D013A3FB4E14D35A3C49D1B /* Pods_SUSHelper_Crawlers_Mac_Demo.framework */; };
/* End PBXBuildFile section */

/* Begin PBXFileReference section */
		1E408F5E2CAC99A909151FEE /* Pods-SUSHelper_Crawlers_Tests.debug.xcconfig */ = {isa = PBXFileReference; includeInIndex = 1; lastKnownFileType = text.xcconfig; name = "Pods-SUSHelper_Crawlers_Tests.debug.xcconfig"; path = "Pods/Target Support Files/Pods-SUSHelper_Crawlers_Tests/Pods-SUSHelper_Crawlers_Tests.debug.xcconfig"; sourceTree = "<group>"; };
		2B04A9E738658BC86AC6AF95 /* Pods-SUSHelper_Crawlers_Mac_Ex.release.xcconfig */ = {isa = PBXFileReference; includeInIndex = 1; lastKnownFileType = text.xcconfig; name = "Pods-SUSHelper_Crawlers_Mac_Ex.release.xcconfig"; path = "Pods/Target Support Files/Pods-SUSHelper_Crawlers_Mac_Ex/Pods-SUSHelper_Crawlers_Mac_Ex.release.xcconfig"; sourceTree = "<group>"; };
		3AEEF5D966C3056F72D7EC2C /* Pods-SUSHelper_Crawlers_Tests.release.xcconfig */ = {isa = PBXFileReference; includeInIndex = 1; lastKnownFileType = text.xcconfig; name = "Pods-SUSHelper_Crawlers_Tests.release.xcconfig"; path = "Pods/Target Support Files/Pods-SUSHelper_Crawlers_Tests/Pods-SUSHelper_Crawlers_Tests.release.xcconfig"; sourceTree = "<group>"; };
		8AE2B8171F58013A00BE7ABA /* SUSHelper_Crawlers_Mac_Demo.app */ = {isa = PBXFileReference; explicitFileType = wrapper.application; includeInIndex = 0; path = SUSHelper_Crawlers_Mac_Demo.app; sourceTree = BUILT_PRODUCTS_DIR; };
		8AE2B8191F58013A00BE7ABA /* AppDelegate.swift */ = {isa = PBXFileReference; lastKnownFileType = sourcecode.swift; path = AppDelegate.swift; sourceTree = "<group>"; };
		8AE2B81B1F58013A00BE7ABA /* ViewController.swift */ = {isa = PBXFileReference; lastKnownFileType = sourcecode.swift; path = ViewController.swift; sourceTree = "<group>"; };
		8AE2B81D1F58013A00BE7ABA /* Assets.xcassets */ = {isa = PBXFileReference; lastKnownFileType = folder.assetcatalog; path = Assets.xcassets; sourceTree = "<group>"; };
		8AE2B8201F58013A00BE7ABA /* Base */ = {isa = PBXFileReference; lastKnownFileType = file.storyboard; name = Base; path = Base.lproj/Main.storyboard; sourceTree = "<group>"; };
		8AE2B8221F58013A00BE7ABA /* Info.plist */ = {isa = PBXFileReference; lastKnownFileType = text.plist.xml; path = Info.plist; sourceTree = "<group>"; };
		8AE2B82B1F58127D00BE7ABA /* GradeLoader.swift */ = {isa = PBXFileReference; fileEncoding = 4; lastKnownFileType = sourcecode.swift; path = GradeLoader.swift; sourceTree = "<group>"; };
		8D013A3FB4E14D35A3C49D1B /* Pods_SUSHelper_Crawlers_Mac_Demo.framework */ = {isa = PBXFileReference; explicitFileType = wrapper.framework; includeInIndex = 0; path = Pods_SUSHelper_Crawlers_Mac_Demo.framework; sourceTree = BUILT_PRODUCTS_DIR; };
		9225457D72FBF65553838604 /* Pods-SUSHelper_Crawlers_Example.release.xcconfig */ = {isa = PBXFileReference; includeInIndex = 1; lastKnownFileType = text.xcconfig; name = "Pods-SUSHelper_Crawlers_Example.release.xcconfig"; path = "Pods/Target Support Files/Pods-SUSHelper_Crawlers_Example/Pods-SUSHelper_Crawlers_Example.release.xcconfig"; sourceTree = "<group>"; };
		AA20293627AD2A44FC143371 /* README.md */ = {isa = PBXFileReference; includeInIndex = 1; lastKnownFileType = net.daringfireball.markdown; name = README.md; path = ../README.md; sourceTree = "<group>"; };
		B549DCF8C651C638BA17DDE5 /* Pods-SUSHelper_Crawlers_Example.debug.xcconfig */ = {isa = PBXFileReference; includeInIndex = 1; lastKnownFileType = text.xcconfig; name = "Pods-SUSHelper_Crawlers_Example.debug.xcconfig"; path = "Pods/Target Support Files/Pods-SUSHelper_Crawlers_Example/Pods-SUSHelper_Crawlers_Example.debug.xcconfig"; sourceTree = "<group>"; };
		B5A337BC06CC04458147998B /* SUSHelper_Crawlers.podspec */ = {isa = PBXFileReference; includeInIndex = 1; lastKnownFileType = text; name = SUSHelper_Crawlers.podspec; path = ../SUSHelper_Crawlers.podspec; sourceTree = "<group>"; };
		CBC746FBD45008A4C466EBC3 /* Pods-SUSHelper_Crawlers_Mac_Demo.debug.xcconfig */ = {isa = PBXFileReference; includeInIndex = 1; lastKnownFileType = text.xcconfig; name = "Pods-SUSHelper_Crawlers_Mac_Demo.debug.xcconfig"; path = "Pods/Target Support Files/Pods-SUSHelper_Crawlers_Mac_Demo/Pods-SUSHelper_Crawlers_Mac_Demo.debug.xcconfig"; sourceTree = "<group>"; };
		E9A1A139E2A077A9FD87B611 /* Pods-SUSHelper_Crawlers_Mac_Ex.debug.xcconfig */ = {isa = PBXFileReference; includeInIndex = 1; lastKnownFileType = text.xcconfig; name = "Pods-SUSHelper_Crawlers_Mac_Ex.debug.xcconfig"; path = "Pods/Target Support Files/Pods-SUSHelper_Crawlers_Mac_Ex/Pods-SUSHelper_Crawlers_Mac_Ex.debug.xcconfig"; sourceTree = "<group>"; };
		EC0B0A0592C73301D671CDD8 /* LICENSE */ = {isa = PBXFileReference; includeInIndex = 1; lastKnownFileType = text; name = LICENSE; path = ../LICENSE; sourceTree = "<group>"; };
		FB5190BB1C6C1F7AF03B375C /* Pods-SUSHelper_Crawlers_Mac_Demo.release.xcconfig */ = {isa = PBXFileReference; includeInIndex = 1; lastKnownFileType = text.xcconfig; name = "Pods-SUSHelper_Crawlers_Mac_Demo.release.xcconfig"; path = "Pods/Target Support Files/Pods-SUSHelper_Crawlers_Mac_Demo/Pods-SUSHelper_Crawlers_Mac_Demo.release.xcconfig"; sourceTree = "<group>"; };
/* End PBXFileReference section */

/* Begin PBXFrameworksBuildPhase section */
		8AE2B8141F58013A00BE7ABA /* Frameworks */ = {
			isa = PBXFrameworksBuildPhase;
			buildActionMask = 2147483647;
			files = (
				91B75653C13F5833D0DC1FB5 /* Pods_SUSHelper_Crawlers_Mac_Demo.framework in Frameworks */,
			);
			runOnlyForDeploymentPostprocessing = 0;
		};
/* End PBXFrameworksBuildPhase section */

/* Begin PBXGroup section */
		607FACC71AFB9204008FA782 = {
			isa = PBXGroup;
			children = (
				607FACF51AFB993E008FA782 /* Podspec Metadata */,
				8AE2B8181F58013A00BE7ABA /* SUSHelper_Crawlers_Mac_Demo */,
				607FACD11AFB9204008FA782 /* Products */,
				E482FA7A78578A6072A87448 /* Pods */,
				C96E66E72EF5076800F0B102 /* Frameworks */,
			);
			sourceTree = "<group>";
		};
		607FACD11AFB9204008FA782 /* Products */ = {
			isa = PBXGroup;
			children = (
				8AE2B8171F58013A00BE7ABA /* SUSHelper_Crawlers_Mac_Demo.app */,
			);
			name = Products;
			sourceTree = "<group>";
		};
		607FACF51AFB993E008FA782 /* Podspec Metadata */ = {
			isa = PBXGroup;
			children = (
				B5A337BC06CC04458147998B /* SUSHelper_Crawlers.podspec */,
				AA20293627AD2A44FC143371 /* README.md */,
				EC0B0A0592C73301D671CDD8 /* LICENSE */,
			);
			name = "Podspec Metadata";
			sourceTree = "<group>";
		};
		8AE2B8181F58013A00BE7ABA /* SUSHelper_Crawlers_Mac_Demo */ = {
			isa = PBXGroup;
			children = (
				8AE2B8191F58013A00BE7ABA /* AppDelegate.swift */,
				8AE2B81B1F58013A00BE7ABA /* ViewController.swift */,
				8AE2B81D1F58013A00BE7ABA /* Assets.xcassets */,
				8AE2B81F1F58013A00BE7ABA /* Main.storyboard */,
				8AE2B8221F58013A00BE7ABA /* Info.plist */,
				8AE2B82B1F58127D00BE7ABA /* GradeLoader.swift */,
			);
			path = SUSHelper_Crawlers_Mac_Demo;
			sourceTree = "<group>";
		};
		C96E66E72EF5076800F0B102 /* Frameworks */ = {
			isa = PBXGroup;
			children = (
				8D013A3FB4E14D35A3C49D1B /* Pods_SUSHelper_Crawlers_Mac_Demo.framework */,
			);
			name = Frameworks;
			sourceTree = "<group>";
		};
		E482FA7A78578A6072A87448 /* Pods */ = {
			isa = PBXGroup;
			children = (
				B549DCF8C651C638BA17DDE5 /* Pods-SUSHelper_Crawlers_Example.debug.xcconfig */,
				9225457D72FBF65553838604 /* Pods-SUSHelper_Crawlers_Example.release.xcconfig */,
				1E408F5E2CAC99A909151FEE /* Pods-SUSHelper_Crawlers_Tests.debug.xcconfig */,
				3AEEF5D966C3056F72D7EC2C /* Pods-SUSHelper_Crawlers_Tests.release.xcconfig */,
				E9A1A139E2A077A9FD87B611 /* Pods-SUSHelper_Crawlers_Mac_Ex.debug.xcconfig */,
				2B04A9E738658BC86AC6AF95 /* Pods-SUSHelper_Crawlers_Mac_Ex.release.xcconfig */,
				CBC746FBD45008A4C466EBC3 /* Pods-SUSHelper_Crawlers_Mac_Demo.debug.xcconfig */,
				FB5190BB1C6C1F7AF03B375C /* Pods-SUSHelper_Crawlers_Mac_Demo.release.xcconfig */,
			);
			name = Pods;
			sourceTree = "<group>";
		};
/* End PBXGroup section */

/* Begin PBXNativeTarget section */
		8AE2B8161F58013A00BE7ABA /* SUSHelper_Crawlers_Mac_Demo */ = {
			isa = PBXNativeTarget;
			buildConfigurationList = 8AE2B8231F58013A00BE7ABA /* Build configuration list for PBXNativeTarget "SUSHelper_Crawlers_Mac_Demo" */;
			buildPhases = (
				C6EE6E997D02408B681E2137 /* [CP] Check Pods Manifest.lock */,
				8AE2B8131F58013A00BE7ABA /* Sources */,
				8AE2B8141F58013A00BE7ABA /* Frameworks */,
				8AE2B8151F58013A00BE7ABA /* Resources */,
				DC556897849BF0D24815C04D /* [CP] Embed Pods Frameworks */,
				5771993C9A2FBCF11B1AA202 /* [CP] Copy Pods Resources */,
			);
			buildRules = (
			);
			dependencies = (
			);
			name = SUSHelper_Crawlers_Mac_Demo;
			productName = SUSHelper_Crawlers_Mac_Demo;
			productReference = 8AE2B8171F58013A00BE7ABA /* SUSHelper_Crawlers_Mac_Demo.app */;
			productType = "com.apple.product-type.application";
		};
/* End PBXNativeTarget section */

/* Begin PBXProject section */
		607FACC81AFB9204008FA782 /* Project object */ = {
			isa = PBXProject;
			attributes = {
				LastSwiftUpdateCheck = 0830;
				LastUpgradeCheck = 0820;
				ORGANIZATIONNAME = CocoaPods;
				TargetAttributes = {
					8AE2B8161F58013A00BE7ABA = {
						CreatedOnToolsVersion = 8.3.3;
						ProvisioningStyle = Automatic;
					};
				};
			};
			buildConfigurationList = 607FACCB1AFB9204008FA782 /* Build configuration list for PBXProject "SUSHelper_Crawlers" */;
			compatibilityVersion = "Xcode 3.2";
			developmentRegion = English;
			hasScannedForEncodings = 0;
			knownRegions = (
				en,
				Base,
			);
			mainGroup = 607FACC71AFB9204008FA782;
			productRefGroup = 607FACD11AFB9204008FA782 /* Products */;
			projectDirPath = "";
			projectRoot = "";
			targets = (
				8AE2B8161F58013A00BE7ABA /* SUSHelper_Crawlers_Mac_Demo */,
			);
		};
/* End PBXProject section */

/* Begin PBXResourcesBuildPhase section */
		8AE2B8151F58013A00BE7ABA /* Resources */ = {
			isa = PBXResourcesBuildPhase;
			buildActionMask = 2147483647;
			files = (
				8AE2B81E1F58013A00BE7ABA /* Assets.xcassets in Resources */,
				8AE2B8211F58013A00BE7ABA /* Main.storyboard in Resources */,
			);
			runOnlyForDeploymentPostprocessing = 0;
		};
/* End PBXResourcesBuildPhase section */

/* Begin PBXShellScriptBuildPhase section */
		5771993C9A2FBCF11B1AA202 /* [CP] Copy Pods Resources */ = {
			isa = PBXShellScriptBuildPhase;
			buildActionMask = 2147483647;
			files = (
			);
			inputPaths = (
			);
			name = "[CP] Copy Pods Resources";
			outputPaths = (
			);
			runOnlyForDeploymentPostprocessing = 0;
			shellPath = /bin/sh;
			shellScript = "\"${SRCROOT}/Pods/Target Support Files/Pods-SUSHelper_Crawlers_Mac_Demo/Pods-SUSHelper_Crawlers_Mac_Demo-resources.sh\"\n";
			showEnvVarsInLog = 0;
		};
		C6EE6E997D02408B681E2137 /* [CP] Check Pods Manifest.lock */ = {
			isa = PBXShellScriptBuildPhase;
			buildActionMask = 2147483647;
			files = (
			);
			inputPaths = (
				"${PODS_PODFILE_DIR_PATH}/Podfile.lock",
				"${PODS_ROOT}/Manifest.lock",
			);
			name = "[CP] Check Pods Manifest.lock";
			outputPaths = (
				"$(DERIVED_FILE_DIR)/Pods-SUSHelper_Crawlers_Mac_Demo-checkManifestLockResult.txt",
			);
			runOnlyForDeploymentPostprocessing = 0;
			shellPath = /bin/sh;
			shellScript = "diff \"${PODS_PODFILE_DIR_PATH}/Podfile.lock\" \"${PODS_ROOT}/Manifest.lock\" > /dev/null\nif [ $? != 0 ] ; then\n    # print error to STDERR\n    echo \"error: The sandbox is not in sync with the Podfile.lock. Run 'pod install' or update your CocoaPods installation.\" >&2\n    exit 1\nfi\n# This output is used by Xcode 'outputs' to avoid re-running this script phase.\necho \"SUCCESS\" > \"${SCRIPT_OUTPUT_FILE_0}\"\n";
			showEnvVarsInLog = 0;
		};
		DC556897849BF0D24815C04D /* [CP] Embed Pods Frameworks */ = {
			isa = PBXShellScriptBuildPhase;
			buildActionMask = 2147483647;
			files = (
			);
			inputPaths = (
				"${SRCROOT}/Pods/Target Support Files/Pods-SUSHelper_Crawlers_Mac_Demo/Pods-SUSHelper_Crawlers_Mac_Demo-frameworks.sh",
				"${BUILT_PRODUCTS_DIR}/Alamofire/Alamofire.framework",
				"${BUILT_PRODUCTS_DIR}/AsyncSwift/Async.framework",
				"${BUILT_PRODUCTS_DIR}/Kanna/Kanna.framework",
				"${BUILT_PRODUCTS_DIR}/SUSHelper_Crawlers/SUSHelper_Crawlers.framework",
				"${BUILT_PRODUCTS_DIR}/SwiftyJSON/SwiftyJSON.framework",
			);
			name = "[CP] Embed Pods Frameworks";
			outputPaths = (
				"${TARGET_BUILD_DIR}/${FRAMEWORKS_FOLDER_PATH}/Alamofire.framework",
				"${TARGET_BUILD_DIR}/${FRAMEWORKS_FOLDER_PATH}/Async.framework",
				"${TARGET_BUILD_DIR}/${FRAMEWORKS_FOLDER_PATH}/Kanna.framework",
				"${TARGET_BUILD_DIR}/${FRAMEWORKS_FOLDER_PATH}/SUSHelper_Crawlers.framework",
				"${TARGET_BUILD_DIR}/${FRAMEWORKS_FOLDER_PATH}/SwiftyJSON.framework",
			);
			runOnlyForDeploymentPostprocessing = 0;
			shellPath = /bin/sh;
			shellScript = "\"${SRCROOT}/Pods/Target Support Files/Pods-SUSHelper_Crawlers_Mac_Demo/Pods-SUSHelper_Crawlers_Mac_Demo-frameworks.sh\"\n";
			showEnvVarsInLog = 0;
		};
/* End PBXShellScriptBuildPhase section */

/* Begin PBXSourcesBuildPhase section */
		8AE2B8131F58013A00BE7ABA /* Sources */ = {
			isa = PBXSourcesBuildPhase;
			buildActionMask = 2147483647;
			files = (
				8AE2B81C1F58013A00BE7ABA /* ViewController.swift in Sources */,
				8AE2B81A1F58013A00BE7ABA /* AppDelegate.swift in Sources */,
				8AE2B82C1F58127D00BE7ABA /* GradeLoader.swift in Sources */,
			);
			runOnlyForDeploymentPostprocessing = 0;
		};
/* End PBXSourcesBuildPhase section */

/* Begin PBXVariantGroup section */
		8AE2B81F1F58013A00BE7ABA /* Main.storyboard */ = {
			isa = PBXVariantGroup;
			children = (
				8AE2B8201F58013A00BE7ABA /* Base */,
			);
			name = Main.storyboard;
			sourceTree = "<group>";
		};
/* End PBXVariantGroup section */

/* Begin XCBuildConfiguration section */
		607FACED1AFB9204008FA782 /* Debug */ = {
			isa = XCBuildConfiguration;
			buildSettings = {
				ALWAYS_SEARCH_USER_PATHS = NO;
				CLANG_CXX_LANGUAGE_STANDARD = "gnu++0x";
				CLANG_CXX_LIBRARY = "libc++";
				CLANG_ENABLE_MODULES = YES;
				CLANG_ENABLE_OBJC_ARC = YES;
				CLANG_WARN_BOOL_CONVERSION = YES;
				CLANG_WARN_CONSTANT_CONVERSION = YES;
				CLANG_WARN_DIRECT_OBJC_ISA_USAGE = YES_ERROR;
				CLANG_WARN_EMPTY_BODY = YES;
				CLANG_WARN_ENUM_CONVERSION = YES;
				CLANG_WARN_INFINITE_RECURSION = YES;
				CLANG_WARN_INT_CONVERSION = YES;
				CLANG_WARN_OBJC_ROOT_CLASS = YES_ERROR;
				CLANG_WARN_SUSPICIOUS_MOVE = YES;
				CLANG_WARN_UNREACHABLE_CODE = YES;
				CLANG_WARN__DUPLICATE_METHOD_MATCH = YES;
				"CODE_SIGN_IDENTITY[sdk=iphoneos*]" = "iPhone Developer";
				COPY_PHASE_STRIP = NO;
				DEBUG_INFORMATION_FORMAT = "dwarf-with-dsym";
				ENABLE_STRICT_OBJC_MSGSEND = YES;
				ENABLE_TESTABILITY = YES;
				GCC_C_LANGUAGE_STANDARD = gnu99;
				GCC_DYNAMIC_NO_PIC = NO;
				GCC_NO_COMMON_BLOCKS = YES;
				GCC_OPTIMIZATION_LEVEL = 0;
				GCC_PREPROCESSOR_DEFINITIONS = (
					"DEBUG=1",
					"$(inherited)",
				);
				GCC_SYMBOLS_PRIVATE_EXTERN = NO;
				GCC_WARN_64_TO_32_BIT_CONVERSION = YES;
				GCC_WARN_ABOUT_RETURN_TYPE = YES_ERROR;
				GCC_WARN_UNDECLARED_SELECTOR = YES;
				GCC_WARN_UNINITIALIZED_AUTOS = YES_AGGRESSIVE;
				GCC_WARN_UNUSED_FUNCTION = YES;
				GCC_WARN_UNUSED_VARIABLE = YES;
				IPHONEOS_DEPLOYMENT_TARGET = 8.3;
				MTL_ENABLE_DEBUG_INFO = YES;
				ONLY_ACTIVE_ARCH = YES;
				SDKROOT = iphoneos;
				SWIFT_OPTIMIZATION_LEVEL = "-Onone";
			};
			name = Debug;
		};
		607FACEE1AFB9204008FA782 /* Release */ = {
			isa = XCBuildConfiguration;
			buildSettings = {
				ALWAYS_SEARCH_USER_PATHS = NO;
				CLANG_CXX_LANGUAGE_STANDARD = "gnu++0x";
				CLANG_CXX_LIBRARY = "libc++";
				CLANG_ENABLE_MODULES = YES;
				CLANG_ENABLE_OBJC_ARC = YES;
				CLANG_WARN_BOOL_CONVERSION = YES;
				CLANG_WARN_CONSTANT_CONVERSION = YES;
				CLANG_WARN_DIRECT_OBJC_ISA_USAGE = YES_ERROR;
				CLANG_WARN_EMPTY_BODY = YES;
				CLANG_WARN_ENUM_CONVERSION = YES;
				CLANG_WARN_INFINITE_RECURSION = YES;
				CLANG_WARN_INT_CONVERSION = YES;
				CLANG_WARN_OBJC_ROOT_CLASS = YES_ERROR;
				CLANG_WARN_SUSPICIOUS_MOVE = YES;
				CLANG_WARN_UNREACHABLE_CODE = YES;
				CLANG_WARN__DUPLICATE_METHOD_MATCH = YES;
				"CODE_SIGN_IDENTITY[sdk=iphoneos*]" = "iPhone Developer";
				COPY_PHASE_STRIP = NO;
				DEBUG_INFORMATION_FORMAT = "dwarf-with-dsym";
				ENABLE_NS_ASSERTIONS = NO;
				ENABLE_STRICT_OBJC_MSGSEND = YES;
				GCC_C_LANGUAGE_STANDARD = gnu99;
				GCC_NO_COMMON_BLOCKS = YES;
				GCC_WARN_64_TO_32_BIT_CONVERSION = YES;
				GCC_WARN_ABOUT_RETURN_TYPE = YES_ERROR;
				GCC_WARN_UNDECLARED_SELECTOR = YES;
				GCC_WARN_UNINITIALIZED_AUTOS = YES_AGGRESSIVE;
				GCC_WARN_UNUSED_FUNCTION = YES;
				GCC_WARN_UNUSED_VARIABLE = YES;
				IPHONEOS_DEPLOYMENT_TARGET = 8.3;
				MTL_ENABLE_DEBUG_INFO = NO;
				SDKROOT = iphoneos;
				SWIFT_OPTIMIZATION_LEVEL = "-Owholemodule";
				VALIDATE_PRODUCT = YES;
			};
			name = Release;
		};
		8AE2B8241F58013A00BE7ABA /* Debug */ = {
			isa = XCBuildConfiguration;
			baseConfigurationReference = CBC746FBD45008A4C466EBC3 /* Pods-SUSHelper_Crawlers_Mac_Demo.debug.xcconfig */;
			buildSettings = {
				ASSETCATALOG_COMPILER_APPICON_NAME = AppIcon;
				CLANG_ANALYZER_NONNULL = YES;
				CLANG_ANALYZER_NUMBER_OBJECT_CONVERSION = YES_AGGRESSIVE;
				CLANG_WARN_DOCUMENTATION_COMMENTS = YES;
				CODE_SIGN_IDENTITY = "-";
				COMBINE_HIDPI_IMAGES = YES;
				DEBUG_INFORMATION_FORMAT = dwarf;
				INFOPLIST_FILE = SUSHelper_Crawlers_Mac_Demo/Info.plist;
				LD_RUNPATH_SEARCH_PATHS = "$(inherited) @executable_path/../Frameworks";
				MACOSX_DEPLOYMENT_TARGET = 10.12;
				PRODUCT_BUNDLE_IDENTIFIER = "xieyi.SUSHelper-Crawlers-Mac-Demo";
				PRODUCT_NAME = "$(TARGET_NAME)";
				SDKROOT = macosx;
				SWIFT_ACTIVE_COMPILATION_CONDITIONS = DEBUG;
				SWIFT_VERSION = 3.0;
			};
			name = Debug;
		};
		8AE2B8251F58013A00BE7ABA /* Release */ = {
			isa = XCBuildConfiguration;
			baseConfigurationReference = FB5190BB1C6C1F7AF03B375C /* Pods-SUSHelper_Crawlers_Mac_Demo.release.xcconfig */;
			buildSettings = {
				ASSETCATALOG_COMPILER_APPICON_NAME = AppIcon;
				CLANG_ANALYZER_NONNULL = YES;
				CLANG_ANALYZER_NUMBER_OBJECT_CONVERSION = YES_AGGRESSIVE;
				CLANG_WARN_DOCUMENTATION_COMMENTS = YES;
				CODE_SIGN_IDENTITY = "-";
				COMBINE_HIDPI_IMAGES = YES;
				INFOPLIST_FILE = SUSHelper_Crawlers_Mac_Demo/Info.plist;
				LD_RUNPATH_SEARCH_PATHS = "$(inherited) @executable_path/../Frameworks";
				MACOSX_DEPLOYMENT_TARGET = 10.12;
				PRODUCT_BUNDLE_IDENTIFIER = "xieyi.SUSHelper-Crawlers-Mac-Demo";
				PRODUCT_NAME = "$(TARGET_NAME)";
				SDKROOT = macosx;
				SWIFT_VERSION = 3.0;
			};
			name = Release;
		};
/* End XCBuildConfiguration section */

/* Begin XCConfigurationList section */
		607FACCB1AFB9204008FA782 /* Build configuration list for PBXProject "SUSHelper_Crawlers" */ = {
			isa = XCConfigurationList;
			buildConfigurations = (
				607FACED1AFB9204008FA782 /* Debug */,
				607FACEE1AFB9204008FA782 /* Release */,
			);
			defaultConfigurationIsVisible = 0;
			defaultConfigurationName = Release;
		};
		8AE2B8231F58013A00BE7ABA /* Build configuration list for PBXNativeTarget "SUSHelper_Crawlers_Mac_Demo" */ = {
			isa = XCConfigurationList;
			buildConfigurations = (
				8AE2B8241F58013A00BE7ABA /* Debug */,
				8AE2B8251F58013A00BE7ABA /* Release */,
			);
			defaultConfigurationIsVisible = 0;
			defaultConfigurationName = Release;
		};
/* End XCConfigurationList section */
	};
	rootObject = 607FACC81AFB9204008FA782 /* Project object */;
}
